
Microsoft Visual Studio Solution File, Format Version 12.00
# Visual Studio Version 17
VisualStudioVersion = 17.8.34511.84
MinimumVisualStudioVersion = 10.0.40219.1
Project("{8BC9CEB8-8B4A-11D0-8D11-00A0C91BC942}") = "OpenSiv3D_ノベル3", "OpenSiv3D_ノベル3\OpenSiv3D_ノベル3.vcxproj", "{47323AB0-B233-4911-886C-C158AF71B647}"
EndProject
Global
	GlobalSection(SolutionConfigurationPlatforms) = preSolution
		Debug|x64 = Debug|x64
		Release|x64 = Release|x64
	EndGlobalSection
	GlobalSection(ProjectConfigurationPlatforms) = postSolution
		{47323AB0-B233-4911-886C-C158AF71B647}.Debug|x64.ActiveCfg = Debug|x64
		{47323AB0-B233-4911-886C-C158AF71B647}.Debug|x64.Build.0 = Debug|x64
		{47323AB0-B233-4911-886C-C158AF71B647}.Release|x64.ActiveCfg = Release|x64
		{47323AB0-B233-4911-886C-C158AF71B647}.Release|x64.Build.0 = Release|x64
	EndGlobalSection
	GlobalSection(SolutionProperties) = preSolution
		HideSolutionNode = FALSE
	EndGlobalSection
	GlobalSection(ExtensibilityGlobals) = postSolution
		SolutionGuid = {DCC3B21C-C83C-48C0-95EC-DD62C5B0E208}
	EndGlobalSection
EndGlobal
